// !$*UTF8*$!
{
	archiveVersion = 1;
	classes = {
	};
	objectVersion = 46;
	objects = {

/* Begin PBXBuildFile section */
		D938A4331D186AD400976542 /* AppDelegate.swift in Sources */ = {isa = PBXBuildFile; fileRef = D938A4321D186AD400976542 /* AppDelegate.swift */; };
		D938A4351D186AD400976542 /* ViewController.swift in Sources */ = {isa = PBXBuildFile; fileRef = D938A4341D186AD400976542 /* ViewController.swift */; };
		D938A4381D186AD400976542 /* Main.storyboard in Resources */ = {isa = PBXBuildFile; fileRef = D938A4361D186AD400976542 /* Main.storyboard */; };
		D938A43A1D186AD400976542 /* Assets.xcassets in Resources */ = {isa = PBXBuildFile; fileRef = D938A4391D186AD400976542 /* Assets.xcassets */; };
		D938A43D1D186AD400976542 /* LaunchScreen.storyboard in Resources */ = {isa = PBXBuildFile; fileRef = D938A43B1D186AD400976542 /* LaunchScreen.storyboard */; };
/* End PBXBuildFile section */

/* Begin PBXFileReference section */
		D938A42F1D186AD400976542 /* CollegeProfileBuilder.app */ = {isa = PBXFileReference; explicitFileType = wrapper.application; includeInIndex = 0; path = CollegeProfileBuilder.app; sourceTree = BUILT_PRODUCTS_DIR; };
		D938A4321D186AD400976542 /* AppDelegate.swift */ = {isa = PBXFileReference; lastKnownFileType = sourcecode.swift; path = AppDelegate.swift; sourceTree = "<group>"; };
		D938A4341D186AD400976542 /* ViewController.swift */ = {isa = PBXFileReference; lastKnownFileType = sourcecode.swift; path = ViewController.swift; sourceTree = "<group>"; };
		D938A4371D186AD400976542 /* Base */ = {isa = PBXFileReference; lastKnownFileType = file.storyboard; name = Base; path = Base.lproj/Main.storyboard; sourceTree = "<group>"; };
		D938A4391D186AD400976542 /* Assets.xcassets */ = {isa = PBXFileReference; lastKnownFileType = folder.assetcatalog; path = Assets.xcassets; sourceTree = "<group>"; };
		D938A43C1D186AD400976542 /* Base */ = {isa = PBXFileReference; lastKnownFileType = file.storyboard; name = Base; path = Base.lproj/LaunchScreen.storyboard; sourceTree = "<group>"; };
		D938A43E1D186AD400976542 /* Info.plist */ = {isa = PBXFileReference; lastKnownFileType = text.plist.xml; path = Info.plist; sourceTree = "<group>"; };
/* End PBXFileReference section */

/* Begin PBXFrameworksBuildPhase section */
		D938A42C1D186AD400976542 /* Frameworks */ = {
			isa = PBXFrameworksBuildPhase;
			buildActionMask = 2147483647;
			files = (
			);
			runOnlyForDeploymentPostprocessing = 0;
		};
/* End PBXFrameworksBuildPhase section */

/* Begin PBXGroup section */
		D938A4261D186AD400976542 = {
			isa = PBXGroup;
			children = (
				D938A4311D186AD400976542 /* CollegeProfileBuilder */,
				D938A4301D186AD400976542 /* Products */,
			);
			sourceTree = "<group>";
		};
		D938A4301D186AD400976542 /* Products */ = {
			isa = PBXGroup;
			children = (
				D938A42F1D186AD400976542 /* CollegeProfileBuilder.app */,
			);
			name = Products;
			sourceTree = "<group>";
		};
		D938A4311D186AD400976542 /* CollegeProfileBuilder */ = {
			isa = PBXGroup;
			children = (
				D938A4321D186AD400976542 /* AppDelegate.swift */,
				D938A4341D186AD400976542 /* ViewController.swift */,
				D938A4361D186AD400976542 /* Main.storyboard */,
				D938A4391D186AD400976542 /* Assets.xcassets */,
				D938A43B1D186AD400976542 /* LaunchScreen.storyboard */,
				D938A43E1D186AD400976542 /* Info.plist */,
			);
			path = CollegeProfileBuilder;
			sourceTree = "<group>";
		};
/* End PBXGroup section */

/* Begin PBXNativeTarget section */
		D938A42E1D186AD400976542 /* CollegeProfileBuilder */ = {
			isa = PBXNativeTarget;
			buildConfigurationList = D938A4411D186AD400976542 /* Build configuration list for PBXNativeTarget "CollegeProfileBuilder" */;
			buildPhases = (
				D938A42B1D186AD400976542 /* Sources */,
				D938A42C1D186AD400976542 /* Frameworks */,
				D938A42D1D186AD400976542 /* Resources */,
			);
			buildRules = (
			);
			dependencies = (
			);
			name = CollegeProfileBuilder;
			productName = CollegeProfileBuilder;
			productReference = D938A42F1D186AD400976542 /* CollegeProfileBuilder.app */;
			productType = "com.apple.product-type.application";
		};
/* End PBXNativeTarget section */

/* Begin PBXProject section */
		D938A4271D186AD400976542 /* Project object */ = {
			isa = PBXProject;
			attributes = {
				LastSwiftUpdateCheck = 0730;
				LastUpgradeCheck = 0730;
				ORGANIZATIONNAME = "Paula Nicolau";
				TargetAttributes = {
					D938A42E1D186AD400976542 = {
						CreatedOnToolsVersion = 7.3.1;
					};
				};
			};
			buildConfigurationList = D938A42A1D186AD400976542 /* Build configuration list for PBXProject "CollegeProfileBuilder" */;
			compatibilityVersion = "Xcode 3.2";
			developmentRegion = English;
			hasScannedForEncodings = 0;
			knownRegions = (
				en,
				Base,
			);
			mainGroup = D938A4261D186AD400976542;
			productRefGroup = D938A4301D186AD400976542 /* Products */;
			projectDirPath = "";
			projectRoot = "";
			targets = (
				D938A42E1D186AD400976542 /* CollegeProfileBuilder */,
			);
		};
/* End PBXProject section */

/* Begin PBXResourcesBuildPhase section */
		D938A42D1D186AD400976542 /* Resources */ = {
			isa = PBXResourcesBuildPhase;
			buildActionMask = 2147483647;
			files = (
				D938A43D1D186AD400976542 /* LaunchScreen.storyboard in Resources */,
				D938A43A1D186AD400976542 /* Assets.xcassets in Resources */,
				D938A4381D186AD400976542 /* Main.storyboard in Resources */,
			);
			runOnlyForDeploymentPostprocessing = 0;
		};
/* End PBXResourcesBuildPhase section */

/* Begin PBXSourcesBuildPhase section */
		D938A42B1D186AD400976542 /* Sources */ = {
			isa = PBXSourcesBuildPhase;
			buildActionMask = 2147483647;
			files = (
				D938A4351D186AD400976542 /* ViewController.swift in Sources */,
				D938A4331D186AD400976542 /* AppDelegate.swift in Sources */,
			);
			runOnlyForDeploymentPostprocessing = 0;
		};
/* End PBXSourcesBuildPhase section */

/* Begin PBXVariantGroup section */
		D938A4361D186AD400976542 /* Main.storyboard */ = {
			isa = PBXVariantGroup;
			children = (
				D938A4371D186AD400976542 /* Base */,
			);
			name = Main.storyboard;
			sourceTree = "<group>";
		};
		D938A43B1D186AD400976542 /* LaunchScreen.storyboard */ = {
			isa = PBXVariantGroup;
			children = (
				D938A43C1D186AD400976542 /* Base */,
			);
			name = LaunchScreen.storyboard;
			sourceTree = "<group>";
		};
/* End PBXVariantGroup section */

/* Begin XCBuildConfiguration section */
		D938A43F1D186AD400976542 /* Debug */ = {
			isa = XCBuildConfiguration;
			buildSettings = {
				ALWAYS_SEARCH_USER_PATHS = NO;
				CLANG_ANALYZER_NONNULL = YES;
				CLANG_CXX_LANGUAGE_STANDARD = "gnu++0x";
				CLANG_CXX_LIBRARY = "libc++";
				CLANG_ENABLE_MODULES = YES;
				CLANG_ENABLE_OBJC_ARC = YES;
				CLANG_WARN_BOOL_CONVERSION = YES;
				CLANG_WARN_CONSTANT_CONVERSION = YES;
				CLANG_WARN_DIRECT_OBJC_ISA_USAGE = YES_ERROR;
				CLANG_WARN_EMPTY_BODY = YES;
				CLANG_WARN_ENUM_CONVERSION = YES;
				CLANG_WARN_INT_CONVERSION = YES;
				CLANG_WARN_OBJC_ROOT_CLASS = YES_ERROR;
				CLANG_WARN_UNREACHABLE_CODE = YES;
				CLANG_WARN__DUPLICATE_METHOD_MATCH = YES;
				"CODE_SIGN_IDENTITY[sdk=iphoneos*]" = "iPhone Developer";
				COPY_PHASE_STRIP = NO;
				DEBUG_INFORMATION_FORMAT = dwarf;
				ENABLE_STRICT_OBJC_MSGSEND = YES;
				ENABLE_TESTABILITY = YES;
				GCC_C_LANGUAGE_STANDARD = gnu99;
				GCC_DYNAMIC_NO_PIC = NO;
				GCC_NO_COMMON_BLOCKS = YES;
				GCC_OPTIMIZATION_LEVEL = 0;
				GCC_PREPROCESSOR_DEFINITIONS = (
					"DEBUG=1",
					"$(inherited)",
				);
				GCC_WARN_64_TO_32_BIT_CONVERSION = YES;
				GCC_WARN_ABOUT_RETURN_TYPE = YES_ERROR;
				GCC_WARN_UNDECLARED_SELECTOR = YES;
				GCC_WARN_UNINITIALIZED_AUTOS = YES_AGGRESSIVE;
				GCC_WARN_UNUSED_FUNCTION = YES;
				GCC_WARN_UNUSED_VARIABLE = YES;
				IPHONEOS_DEPLOYMENT_TARGET = 9.3;
				MTL_ENABLE_DEBUG_INFO = YES;
				ONLY_ACTIVE_ARCH = YES;
				SDKROOT = iphoneos;
				SWIFT_OPTIMIZATION_LEVEL = "-Onone";
				TARGETED_DEVICE_FAMILY = "1,2";
			};
			name = Debug;
		};
		D938A4401D186AD400976542 /* Release */ = {
			isa = XCBuildConfiguration;
			buildSettings = {
				ALWAYS_SEARCH_USER_PATHS = NO;
				CLANG_ANALYZER_NONNULL = YES;
				CLANG_CXX_LANGUAGE_STANDARD = "gnu++0x";
				CLANG_CXX_LIBRARY = "libc++";
				CLANG_ENABLE_MODULES = YES;
				CLANG_ENABLE_OBJC_ARC = YES;
				CLANG_WARN_BOOL_CONVERSION = YES;
				CLANG_WARN_CONSTANT_CONVERSION = YES;
				CLANG_WARN_DIRECT_OBJC_ISA_USAGE = YES_ERROR;
				CLANG_WARN_EMPTY_BODY = YES;
				CLANG_WARN_ENUM_CONVERSION = YES;
				CLANG_WARN_INT_CONVERSION = YES;
				CLANG_WARN_OBJC_ROOT_CLASS = YES_ERROR;
				CLANG_WARN_UNREACHABLE_CODE = YES;
				CLANG_WARN__DUPLICATE_METHOD_MATCH = YES;
				"CODE_SIGN_IDENTITY[sdk=iphoneos*]" = "iPhone Developer";
				COPY_PHASE_STRIP = NO;
				DEBUG_INFORMATION_FORMAT = "dwarf-with-dsym";
				ENABLE_NS_ASSERTIONS = NO;
				ENABLE_STRICT_OBJC_MSGSEND = YES;
				GCC_C_LANGUAGE_STANDARD = gnu99;
				GCC_NO_COMMON_BLOCKS = YES;
				GCC_WARN_64_TO_32_BIT_CONVERSION = YES;
				GCC_WARN_ABOUT_RETURN_TYPE = YES_ERROR;
				GCC_WARN_UNDECLARED_SELECTOR = YES;
				GCC_WARN_UNINITIALIZED_AUTOS = YES_AGGRESSIVE;
				GCC_WARN_UNUSED_FUNCTION = YES;
				GCC_WARN_UNUSED_VARIABLE = YES;
				IPHONEOS_DEPLOYMENT_TARGET = 9.3;
				MTL_ENABLE_DEBUG_INFO = NO;
				SDKROOT = iphoneos;
				TARGETED_DEVICE_FAMILY = "1,2";
				VALIDATE_PRODUCT = YES;
			};
			name = Release;
		};
		D938A4421D186AD400976542 /* Debug */ = {
			isa = XCBuildConfiguration;
			buildSettings = {
				ASSETCATALOG_COMPILER_APPICON_NAME = AppIcon;
				INFOPLIST_FILE = CollegeProfileBuilder/Info.plist;
				LD_RUNPATH_SEARCH_PATHS = "$(inherited) @executable_path/Frameworks";
				PRODUCT_BUNDLE_IDENTIFIER = mm.CollegeProfileBuilder;
				PRODUCT_NAME = "$(TARGET_NAME)";
			};
			name = Debug;
		};
		D938A4431D186AD400976542 /* Release */ = {
			isa = XCBuildConfiguration;
			buildSettings = {
				ASSETCATALOG_COMPILER_APPICON_NAME = AppIcon;
				INFOPLIST_FILE = CollegeProfileBuilder/Info.plist;
				LD_RUNPATH_SEARCH_PATHS = "$(inherited) @executable_path/Frameworks";
				PRODUCT_BUNDLE_IDENTIFIER = mm.CollegeProfileBuilder;
				PRODUCT_NAME = "$(TARGET_NAME)";
			};
			name = Release;
		};
/* End XCBuildConfiguration section */

/* Begin XCConfigurationList section */
		D938A42A1D186AD400976542 /* Build configuration list for PBXProject "CollegeProfileBuilder" */ = {
			isa = XCConfigurationList;
			buildConfigurations = (
				D938A43F1D186AD400976542 /* Debug */,
				D938A4401D186AD400976542 /* Release */,
			);
			defaultConfigurationIsVisible = 0;
			defaultConfigurationName = Release;
		};
		D938A4411D186AD400976542 /* Build configuration list for PBXNativeTarget "CollegeProfileBuilder" */ = {
			isa = XCConfigurationList;
			buildConfigurations = (
				D938A4421D186AD400976542 /* Debug */,
				D938A4431D186AD400976542 /* Release */,
			);
			defaultConfigurationIsVisible = 0;
		};
/* End XCConfigurationList section */
	};
	rootObject = D938A4271D186AD400976542 /* Project object */;
}
